Microsoft Visual Studio Solution File, Format Version 11.00
# Visual C++ Express 2010
Project("{8BC9CEB8-8B4A-11D0-8D11-00A0C91BC942}") = "LeapCinderRain", "LeapCinderRain.vcxproj", "{9F596CC9-C0DC-4460-9DAC-600DAF34B79E}"
EndProject
Global
	GlobalSection(SolutionConfigurationPlatforms) = preSolution
		Debug|Win32 = Debug|Win32
		Release|Win32 = Release|Win32
	EndGlobalSection
	GlobalSection(ProjectConfigurationPlatforms) = postSolution
		{9F596CC9-C0DC-4460-9DAC-600DAF34B79E}.Debug|Win32.ActiveCfg = Debug|Win32
		{9F596CC9-C0DC-4460-9DAC-600DAF34B79E}.Debug|Win32.Build.0 = Debug|Win32
		{9F596CC9-C0DC-4460-9DAC-600DAF34B79E}.Release|Win32.ActiveCfg = Release|Win32
		{9F596CC9-C0DC-4460-9DAC-600DAF34B79E}.Release|Win32.Build.0 = Release|Win32
	EndGlobalSection
	GlobalSection(SolutionProperties) = preSolution
		HideSolutionNode = FALSE
	EndGlobalSection
EndGlobal
